// !$*UTF8*$!
{
	archiveVersion = 1;
	classes = {
	};
	objectVersion = 46;
	objects = {

/* Begin PBXBuildFile section */
		0F1BD9311D4FD0C1009C6D5C /* SignInViewController.swift in Sources */ = {isa = PBXBuildFile; fileRef = 0F1BD92F1D4FD0C1009C6D5C /* SignInViewController.swift */; };
		0F1BD9321D4FD0C1009C6D5C /* SignInViewController.xib in Resources */ = {isa = PBXBuildFile; fileRef = 0F1BD9301D4FD0C1009C6D5C /* SignInViewController.xib */; };
		0F1BD9341D4FFE0A009C6D5C /* GoogleService-Info.plist in Resources */ = {isa = PBXBuildFile; fileRef = 0F1BD9331D4FFE0A009C6D5C /* GoogleService-Info.plist */; };
		0F1BD9361D514851009C6D5C /* GetCurrentLocation.swift in Sources */ = {isa = PBXBuildFile; fileRef = 0F1BD9351D514851009C6D5C /* GetCurrentLocation.swift */; };
		0F836CDD1D4F9C72007AC1C2 /* AppDelegate.swift in Sources */ = {isa = PBXBuildFile; fileRef = 0F836CDC1D4F9C72007AC1C2 /* AppDelegate.swift */; };
		0F836CE21D4F9C72007AC1C2 /* Main.storyboard in Resources */ = {isa = PBXBuildFile; fileRef = 0F836CE01D4F9C72007AC1C2 /* Main.storyboard */; };
		0F836CE41D4F9C72007AC1C2 /* Assets.xcassets in Resources */ = {isa = PBXBuildFile; fileRef = 0F836CE31D4F9C72007AC1C2 /* Assets.xcassets */; };
		0F836CE71D4F9C72007AC1C2 /* LaunchScreen.storyboard in Resources */ = {isa = PBXBuildFile; fileRef = 0F836CE51D4F9C72007AC1C2 /* LaunchScreen.storyboard */; };
		0F836CF21D4F9C72007AC1C2 /* FestesTests.swift in Sources */ = {isa = PBXBuildFile; fileRef = 0F836CF11D4F9C72007AC1C2 /* FestesTests.swift */; };
		0F836CFD1D4F9C72007AC1C2 /* FestesUITests.swift in Sources */ = {isa = PBXBuildFile; fileRef = 0F836CFC1D4F9C72007AC1C2 /* FestesUITests.swift */; };
		0F836D1A1D4FCB9B007AC1C2 /* MapViewController.swift in Sources */ = {isa = PBXBuildFile; fileRef = 0F836D181D4FCB9B007AC1C2 /* MapViewController.swift */; };
		0F836D1B1D4FCB9B007AC1C2 /* MapViewController.xib in Resources */ = {isa = PBXBuildFile; fileRef = 0F836D191D4FCB9B007AC1C2 /* MapViewController.xib */; };
		0F836D1D1D4FCBE8007AC1C2 /* UserRepository.swift in Sources */ = {isa = PBXBuildFile; fileRef = 0F836D1C1D4FCBE8007AC1C2 /* UserRepository.swift */; };
		0F836D1F1D4FCC07007AC1C2 /* User.swift in Sources */ = {isa = PBXBuildFile; fileRef = 0F836D1E1D4FCC07007AC1C2 /* User.swift */; };
		0F836D211D4FCD91007AC1C2 /* UserNetworkProvider.swift in Sources */ = {isa = PBXBuildFile; fileRef = 0F836D201D4FCD91007AC1C2 /* UserNetworkProvider.swift */; };
		18B840419BF469499084FF10 /* Pods_FestesUITests.framework in Frameworks */ = {isa = PBXBuildFile; fileRef = A7BB6A80561A6A0EDB98BD75 /* Pods_FestesUITests.framework */; };
		AC29ED309F4234BD550C7AFA /* Pods_FestesTests.framework in Frameworks */ = {isa = PBXBuildFile; fileRef = 19BAEEFD165D5A028C58C18A /* Pods_FestesTests.framework */; };
		BFFFA5541D64E455CDCE09DD /* Pods_Festes.framework in Frameworks */ = {isa = PBXBuildFile; fileRef = 91E0A42FDA2F0B234EB5BEF7 /* Pods_Festes.framework */; };
/* End PBXBuildFile section */

/* Begin PBXContainerItemProxy section */
		0F836CEE1D4F9C72007AC1C2 /* PBXContainerItemProxy */ = {
			isa = PBXContainerItemProxy;
			containerPortal = 0F836CD11D4F9C72007AC1C2 /* Project object */;
			proxyType = 1;
			remoteGlobalIDString = 0F836CD81D4F9C72007AC1C2;
			remoteInfo = Festes;
		};
		0F836CF91D4F9C72007AC1C2 /* PBXContainerItemProxy */ = {
			isa = PBXContainerItemProxy;
			containerPortal = 0F836CD11D4F9C72007AC1C2 /* Project object */;
			proxyType = 1;
			remoteGlobalIDString = 0F836CD81D4F9C72007AC1C2;
			remoteInfo = Festes;
		};
/* End PBXContainerItemProxy section */

/* Begin PBXFileReference section */
		0AF64E86DAE9A30D321E876F /* Pods-FestesTests.release.xcconfig */ = {isa = PBXFileReference; includeInIndex = 1; lastKnownFileType = text.xcconfig; name = "Pods-FestesTests.release.xcconfig"; path = "Pods/Target Support Files/Pods-FestesTests/Pods-FestesTests.release.xcconfig"; sourceTree = "<group>"; };
		0F1BD92F1D4FD0C1009C6D5C /* SignInViewController.swift */ = {isa = PBXFileReference; fileEncoding = 4; lastKnownFileType = sourcecode.swift; path = SignInViewController.swift; sourceTree = "<group>"; };
		0F1BD9301D4FD0C1009C6D5C /* SignInViewController.xib */ = {isa = PBXFileReference; fileEncoding = 4; lastKnownFileType = file.xib; path = SignInViewController.xib; sourceTree = "<group>"; };
		0F1BD9331D4FFE0A009C6D5C /* GoogleService-Info.plist */ = {isa = PBXFileReference; fileEncoding = 4; lastKnownFileType = text.plist.xml; path = "GoogleService-Info.plist"; sourceTree = "<group>"; };
		0F1BD9351D514851009C6D5C /* GetCurrentLocation.swift */ = {isa = PBXFileReference; fileEncoding = 4; lastKnownFileType = sourcecode.swift; path = GetCurrentLocation.swift; sourceTree = "<group>"; };
		0F836CD91D4F9C72007AC1C2 /* Festes.app */ = {isa = PBXFileReference; explicitFileType = wrapper.application; includeInIndex = 0; path = Festes.app; sourceTree = BUILT_PRODUCTS_DIR; };
		0F836CDC1D4F9C72007AC1C2 /* AppDelegate.swift */ = {isa = PBXFileReference; lastKnownFileType = sourcecode.swift; path = AppDelegate.swift; sourceTree = "<group>"; };
		0F836CE11D4F9C72007AC1C2 /* Base */ = {isa = PBXFileReference; lastKnownFileType = file.storyboard; name = Base; path = Base.lproj/Main.storyboard; sourceTree = "<group>"; };
		0F836CE31D4F9C72007AC1C2 /* Assets.xcassets */ = {isa = PBXFileReference; lastKnownFileType = folder.assetcatalog; path = Assets.xcassets; sourceTree = "<group>"; };
		0F836CE61D4F9C72007AC1C2 /* Base */ = {isa = PBXFileReference; lastKnownFileType = file.storyboard; name = Base; path = Base.lproj/LaunchScreen.storyboard; sourceTree = "<group>"; };
		0F836CE81D4F9C72007AC1C2 /* Info.plist */ = {isa = PBXFileReference; lastKnownFileType = text.plist.xml; path = Info.plist; sourceTree = "<group>"; };
		0F836CED1D4F9C72007AC1C2 /* FestesTests.xctest */ = {isa = PBXFileReference; explicitFileType = wrapper.cfbundle; includeInIndex = 0; path = FestesTests.xctest; sourceTree = BUILT_PRODUCTS_DIR; };
		0F836CF11D4F9C72007AC1C2 /* FestesTests.swift */ = {isa = PBXFileReference; lastKnownFileType = sourcecode.swift; path = FestesTests.swift; sourceTree = "<group>"; };
		0F836CF31D4F9C72007AC1C2 /* Info.plist */ = {isa = PBXFileReference; lastKnownFileType = text.plist.xml; path = Info.plist; sourceTree = "<group>"; };
		0F836CF81D4F9C72007AC1C2 /* FestesUITests.xctest */ = {isa = PBXFileReference; explicitFileType = wrapper.cfbundle; includeInIndex = 0; path = FestesUITests.xctest; sourceTree = BUILT_PRODUCTS_DIR; };
		0F836CFC1D4F9C72007AC1C2 /* FestesUITests.swift */ = {isa = PBXFileReference; lastKnownFileType = sourcecode.swift; path = FestesUITests.swift; sourceTree = "<group>"; };
		0F836CFE1D4F9C72007AC1C2 /* Info.plist */ = {isa = PBXFileReference; lastKnownFileType = text.plist.xml; path = Info.plist; sourceTree = "<group>"; };
		0F836D181D4FCB9B007AC1C2 /* MapViewController.swift */ = {isa = PBXFileReference; fileEncoding = 4; lastKnownFileType = sourcecode.swift; path = MapViewController.swift; sourceTree = "<group>"; };
		0F836D191D4FCB9B007AC1C2 /* MapViewController.xib */ = {isa = PBXFileReference; fileEncoding = 4; lastKnownFileType = file.xib; path = MapViewController.xib; sourceTree = "<group>"; };
		0F836D1C1D4FCBE8007AC1C2 /* UserRepository.swift */ = {isa = PBXFileReference; fileEncoding = 4; lastKnownFileType = sourcecode.swift; path = UserRepository.swift; sourceTree = "<group>"; };
		0F836D1E1D4FCC07007AC1C2 /* User.swift */ = {isa = PBXFileReference; fileEncoding = 4; lastKnownFileType = sourcecode.swift; path = User.swift; sourceTree = "<group>"; };
		0F836D201D4FCD91007AC1C2 /* UserNetworkProvider.swift */ = {isa = PBXFileReference; fileEncoding = 4; lastKnownFileType = sourcecode.swift; path = UserNetworkProvider.swift; sourceTree = "<group>"; };
		192E4D2295068F9A3296CC4F /* Pods-FestesUITests.debug.xcconfig */ = {isa = PBXFileReference; includeInIndex = 1; lastKnownFileType = text.xcconfig; name = "Pods-FestesUITests.debug.xcconfig"; path = "Pods/Target Support Files/Pods-FestesUITests/Pods-FestesUITests.debug.xcconfig"; sourceTree = "<group>"; };
		19BAEEFD165D5A028C58C18A /* Pods_FestesTests.framework */ = {isa = PBXFileReference; explicitFileType = wrapper.framework; includeInIndex = 0; path = Pods_FestesTests.framework; sourceTree = BUILT_PRODUCTS_DIR; };
		33200977451092E310A5F0C7 /* Pods-Festes.debug.xcconfig */ = {isa = PBXFileReference; includeInIndex = 1; lastKnownFileType = text.xcconfig; name = "Pods-Festes.debug.xcconfig"; path = "Pods/Target Support Files/Pods-Festes/Pods-Festes.debug.xcconfig"; sourceTree = "<group>"; };
		7868D4F8E8B2F430168C678D /* Pods-FestesUITests.release.xcconfig */ = {isa = PBXFileReference; includeInIndex = 1; lastKnownFileType = text.xcconfig; name = "Pods-FestesUITests.release.xcconfig"; path = "Pods/Target Support Files/Pods-FestesUITests/Pods-FestesUITests.release.xcconfig"; sourceTree = "<group>"; };
		91E0A42FDA2F0B234EB5BEF7 /* Pods_Festes.framework */ = {isa = PBXFileReference; explicitFileType = wrapper.framework; includeInIndex = 0; path = Pods_Festes.framework; sourceTree = BUILT_PRODUCTS_DIR; };
		A7BB6A80561A6A0EDB98BD75 /* Pods_FestesUITests.framework */ = {isa = PBXFileReference; explicitFileType = wrapper.framework; includeInIndex = 0; path = Pods_FestesUITests.framework; sourceTree = BUILT_PRODUCTS_DIR; };
		DE985ABF6A52F3049499370D /* Pods-Festes.release.xcconfig */ = {isa = PBXFileReference; includeInIndex = 1; lastKnownFileType = text.xcconfig; name = "Pods-Festes.release.xcconfig"; path = "Pods/Target Support Files/Pods-Festes/Pods-Festes.release.xcconfig"; sourceTree = "<group>"; };
		EEA75B381C53344F6361EEB9 /* Pods-FestesTests.debug.xcconfig */ = {isa = PBXFileReference; includeInIndex = 1; lastKnownFileType = text.xcconfig; name = "Pods-FestesTests.debug.xcconfig"; path = "Pods/Target Support Files/Pods-FestesTests/Pods-FestesTests.debug.xcconfig"; sourceTree = "<group>"; };
/* End PBXFileReference section */

/* Begin PBXFrameworksBuildPhase section */
		0F836CD61D4F9C72007AC1C2 /* Frameworks */ = {
			isa = PBXFrameworksBuildPhase;
			buildActionMask = 2147483647;
			files = (
				BFFFA5541D64E455CDCE09DD /* Pods_Festes.framework in Frameworks */,
			);
			runOnlyForDeploymentPostprocessing = 0;
		};
		0F836CEA1D4F9C72007AC1C2 /* Frameworks */ = {
			isa = PBXFrameworksBuildPhase;
			buildActionMask = 2147483647;
			files = (
				AC29ED309F4234BD550C7AFA /* Pods_FestesTests.framework in Frameworks */,
			);
			runOnlyForDeploymentPostprocessing = 0;
		};
		0F836CF51D4F9C72007AC1C2 /* Frameworks */ = {
			isa = PBXFrameworksBuildPhase;
			buildActionMask = 2147483647;
			files = (
				18B840419BF469499084FF10 /* Pods_FestesUITests.framework in Frameworks */,
			);
			runOnlyForDeploymentPostprocessing = 0;
		};
/* End PBXFrameworksBuildPhase section */

/* Begin PBXGroup section */
		0F1BD92C1D4FD098009C6D5C /* SignIn */ = {
			isa = PBXGroup;
			children = (
				0F1BD92D1D4FD098009C6D5C /* Presenter */,
				0F1BD92E1D4FD098009C6D5C /* View */,
			);
			path = SignIn;
			sourceTree = "<group>";
		};
		0F1BD92D1D4FD098009C6D5C /* Presenter */ = {
			isa = PBXGroup;
			children = (
			);
			path = Presenter;
			sourceTree = "<group>";
		};
		0F1BD92E1D4FD098009C6D5C /* View */ = {
			isa = PBXGroup;
			children = (
				0F1BD92F1D4FD0C1009C6D5C /* SignInViewController.swift */,
				0F1BD9301D4FD0C1009C6D5C /* SignInViewController.xib */,
			);
			path = View;
			sourceTree = "<group>";
		};
		0F836CD01D4F9C72007AC1C2 = {
			isa = PBXGroup;
			children = (
				0F836CDB1D4F9C72007AC1C2 /* Festes */,
				0F836CF01D4F9C72007AC1C2 /* FestesTests */,
				0F836CFB1D4F9C72007AC1C2 /* FestesUITests */,
				0F836CDA1D4F9C72007AC1C2 /* Products */,
				353167FC155F59C76E59E694 /* Pods */,
				5CAA2BF72856174DCCE1E7C1 /* Frameworks */,
			);
			sourceTree = "<group>";
		};
		0F836CDA1D4F9C72007AC1C2 /* Products */ = {
			isa = PBXGroup;
			children = (
				0F836CD91D4F9C72007AC1C2 /* Festes.app */,
				0F836CED1D4F9C72007AC1C2 /* FestesTests.xctest */,
				0F836CF81D4F9C72007AC1C2 /* FestesUITests.xctest */,
			);
			name = Products;
			sourceTree = "<group>";
		};
		0F836CDB1D4F9C72007AC1C2 /* Festes */ = {
			isa = PBXGroup;
			children = (
				0F836D0A1D4F9EE4007AC1C2 /* Classes */,
				0F836D121D4FC8FF007AC1C2 /* SupportingFiles */,
			);
			path = Festes;
			sourceTree = "<group>";
		};
		0F836CF01D4F9C72007AC1C2 /* FestesTests */ = {
			isa = PBXGroup;
			children = (
				0F836CF11D4F9C72007AC1C2 /* FestesTests.swift */,
				0F836CF31D4F9C72007AC1C2 /* Info.plist */,
			);
			path = FestesTests;
			sourceTree = "<group>";
		};
		0F836CFB1D4F9C72007AC1C2 /* FestesUITests */ = {
			isa = PBXGroup;
			children = (
				0F836CFC1D4F9C72007AC1C2 /* FestesUITests.swift */,
				0F836CFE1D4F9C72007AC1C2 /* Info.plist */,
			);
			path = FestesUITests;
			sourceTree = "<group>";
		};
		0F836D0A1D4F9EE4007AC1C2 /* Classes */ = {
			isa = PBXGroup;
			children = (
				0F836D131D4FC94F007AC1C2 /* Sections */,
				0F836D0B1D4F9EE4007AC1C2 /* Core */,
				0F836D111D4F9EE4007AC1C2 /* Navigation */,
			);
			path = Classes;
			sourceTree = "<group>";
		};
		0F836D0B1D4F9EE4007AC1C2 /* Core */ = {
			isa = PBXGroup;
			children = (
				0F836D0C1D4F9EE4007AC1C2 /* NetworkProviders */,
				0F836D0D1D4F9EE4007AC1C2 /* Persistor */,
				0F836D0E1D4F9EE4007AC1C2 /* Ponsos */,
				0F836D0F1D4F9EE4007AC1C2 /* Repositories */,
				0F836D101D4F9EE4007AC1C2 /* UseCases */,
			);
			path = Core;
			sourceTree = "<group>";
		};
		0F836D0C1D4F9EE4007AC1C2 /* NetworkProviders */ = {
			isa = PBXGroup;
			children = (
				0F836D201D4FCD91007AC1C2 /* UserNetworkProvider.swift */,
			);
			path = NetworkProviders;
			sourceTree = "<group>";
		};
		0F836D0D1D4F9EE4007AC1C2 /* Persistor */ = {
			isa = PBXGroup;
			children = (
			);
			path = Persistor;
			sourceTree = "<group>";
		};
		0F836D0E1D4F9EE4007AC1C2 /* Ponsos */ = {
			isa = PBXGroup;
			children = (
				0F836D1E1D4FCC07007AC1C2 /* User.swift */,
			);
			path = Ponsos;
			sourceTree = "<group>";
		};
		0F836D0F1D4F9EE4007AC1C2 /* Repositories */ = {
			isa = PBXGroup;
			children = (
				0F836D1C1D4FCBE8007AC1C2 /* UserRepository.swift */,
			);
			path = Repositories;
			sourceTree = "<group>";
		};
		0F836D101D4F9EE4007AC1C2 /* UseCases */ = {
			isa = PBXGroup;
			children = (
				0F1BD9351D514851009C6D5C /* GetCurrentLocation.swift */,
			);
			path = UseCases;
			sourceTree = "<group>";
		};
		0F836D111D4F9EE4007AC1C2 /* Navigation */ = {
			isa = PBXGroup;
			children = (
			);
			path = Navigation;
			sourceTree = "<group>";
		};
		0F836D121D4FC8FF007AC1C2 /* SupportingFiles */ = {
			isa = PBXGroup;
			children = (
				0F1BD9331D4FFE0A009C6D5C /* GoogleService-Info.plist */,
				0F836CDC1D4F9C72007AC1C2 /* AppDelegate.swift */,
				0F836CE01D4F9C72007AC1C2 /* Main.storyboard */,
				0F836CE31D4F9C72007AC1C2 /* Assets.xcassets */,
				0F836CE51D4F9C72007AC1C2 /* LaunchScreen.storyboard */,
				0F836CE81D4F9C72007AC1C2 /* Info.plist */,
			);
			name = SupportingFiles;
			sourceTree = "<group>";
		};
		0F836D131D4FC94F007AC1C2 /* Sections */ = {
			isa = PBXGroup;
			children = (
				0F1BD92C1D4FD098009C6D5C /* SignIn */,
				0F836D141D4FC94F007AC1C2 /* Map */,
			);
			path = Sections;
			sourceTree = "<group>";
		};
		0F836D141D4FC94F007AC1C2 /* Map */ = {
			isa = PBXGroup;
			children = (
				0F836D161D4FC98F007AC1C2 /* Router */,
				0F836D151D4FC98F007AC1C2 /* Presenter */,
				0F836D171D4FC98F007AC1C2 /* View */,
			);
			path = Map;
			sourceTree = "<group>";
		};
		0F836D151D4FC98F007AC1C2 /* Presenter */ = {
			isa = PBXGroup;
			children = (
			);
			path = Presenter;
			sourceTree = "<group>";
		};
		0F836D161D4FC98F007AC1C2 /* Router */ = {
			isa = PBXGroup;
			children = (
			);
			path = Router;
			sourceTree = "<group>";
		};
		0F836D171D4FC98F007AC1C2 /* View */ = {
			isa = PBXGroup;
			children = (
				0F836D181D4FCB9B007AC1C2 /* MapViewController.swift */,
				0F836D191D4FCB9B007AC1C2 /* MapViewController.xib */,
			);
			path = View;
			sourceTree = "<group>";
		};
		353167FC155F59C76E59E694 /* Pods */ = {
			isa = PBXGroup;
			children = (
				33200977451092E310A5F0C7 /* Pods-Festes.debug.xcconfig */,
				DE985ABF6A52F3049499370D /* Pods-Festes.release.xcconfig */,
				EEA75B381C53344F6361EEB9 /* Pods-FestesTests.debug.xcconfig */,
				0AF64E86DAE9A30D321E876F /* Pods-FestesTests.release.xcconfig */,
				192E4D2295068F9A3296CC4F /* Pods-FestesUITests.debug.xcconfig */,
				7868D4F8E8B2F430168C678D /* Pods-FestesUITests.release.xcconfig */,
			);
			name = Pods;
			sourceTree = "<group>";
		};
		5CAA2BF72856174DCCE1E7C1 /* Frameworks */ = {
			isa = PBXGroup;
			children = (
				91E0A42FDA2F0B234EB5BEF7 /* Pods_Festes.framework */,
				19BAEEFD165D5A028C58C18A /* Pods_FestesTests.framework */,
				A7BB6A80561A6A0EDB98BD75 /* Pods_FestesUITests.framework */,
			);
			name = Frameworks;
			sourceTree = "<group>";
		};
/* End PBXGroup section */

/* Begin PBXNativeTarget section */
		0F836CD81D4F9C72007AC1C2 /* Festes */ = {
			isa = PBXNativeTarget;
			buildConfigurationList = 0F836D011D4F9C72007AC1C2 /* Build configuration list for PBXNativeTarget "Festes" */;
			buildPhases = (
				A53E7D06C2FE6C4803C1FBCC /* [CP] Check Pods Manifest.lock */,
				0F836CD51D4F9C72007AC1C2 /* Sources */,
				0F836CD61D4F9C72007AC1C2 /* Frameworks */,
				0F836CD71D4F9C72007AC1C2 /* Resources */,
				13160C2B81BDE779375B239E /* [CP] Embed Pods Frameworks */,
				01F30CC05DDE2F92DCDD08A2 /* [CP] Copy Pods Resources */,
			);
			buildRules = (
			);
			dependencies = (
			);
			name = Festes;
			productName = Festes;
			productReference = 0F836CD91D4F9C72007AC1C2 /* Festes.app */;
			productType = "com.apple.product-type.application";
		};
		0F836CEC1D4F9C72007AC1C2 /* FestesTests */ = {
			isa = PBXNativeTarget;
			buildConfigurationList = 0F836D041D4F9C72007AC1C2 /* Build configuration list for PBXNativeTarget "FestesTests" */;
			buildPhases = (
				4CEEC885B74FDD49528ED793 /* [CP] Check Pods Manifest.lock */,
				0F836CE91D4F9C72007AC1C2 /* Sources */,
				0F836CEA1D4F9C72007AC1C2 /* Frameworks */,
				0F836CEB1D4F9C72007AC1C2 /* Resources */,
				A5D7364B508A7D6FE452471C /* [CP] Embed Pods Frameworks */,
				86498A4DDBC20FE3F1610EB6 /* [CP] Copy Pods Resources */,
			);
			buildRules = (
			);
			dependencies = (
				0F836CEF1D4F9C72007AC1C2 /* PBXTargetDependency */,
			);
			name = FestesTests;
			productName = FestesTests;
			productReference = 0F836CED1D4F9C72007AC1C2 /* FestesTests.xctest */;
			productType = "com.apple.product-type.bundle.unit-test";
		};
		0F836CF71D4F9C72007AC1C2 /* FestesUITests */ = {
			isa = PBXNativeTarget;
			buildConfigurationList = 0F836D071D4F9C72007AC1C2 /* Build configuration list for PBXNativeTarget "FestesUITests" */;
			buildPhases = (
				B6B939BE6AACB881659F9BAA /* [CP] Check Pods Manifest.lock */,
				0F836CF41D4F9C72007AC1C2 /* Sources */,
				0F836CF51D4F9C72007AC1C2 /* Frameworks */,
				0F836CF61D4F9C72007AC1C2 /* Resources */,
				E3F12BD8ADD1372383B18F73 /* [CP] Copy Pods Resources */,
			);
			buildRules = (
			);
			dependencies = (
				0F836CFA1D4F9C72007AC1C2 /* PBXTargetDependency */,
			);
			name = FestesUITests;
			productName = FestesUITests;
			productReference = 0F836CF81D4F9C72007AC1C2 /* FestesUITests.xctest */;
			productType = "com.apple.product-type.bundle.ui-testing";
		};
/* End PBXNativeTarget section */

/* Begin PBXProject section */
		0F836CD11D4F9C72007AC1C2 /* Project object */ = {
			isa = PBXProject;
			attributes = {
				LastSwiftUpdateCheck = 0730;
				LastUpgradeCheck = 0730;
				ORGANIZATIONNAME = Festes;
				TargetAttributes = {
					0F836CD81D4F9C72007AC1C2 = {
						CreatedOnToolsVersion = 7.3;
						DevelopmentTeam = Y5B8W6LWG6;
					};
					0F836CEC1D4F9C72007AC1C2 = {
						CreatedOnToolsVersion = 7.3;
						TestTargetID = 0F836CD81D4F9C72007AC1C2;
					};
					0F836CF71D4F9C72007AC1C2 = {
						CreatedOnToolsVersion = 7.3;
						TestTargetID = 0F836CD81D4F9C72007AC1C2;
					};
				};
			};
			buildConfigurationList = 0F836CD41D4F9C72007AC1C2 /* Build configuration list for PBXProject "Festes" */;
			compatibilityVersion = "Xcode 3.2";
			developmentRegion = English;
			hasScannedForEncodings = 0;
			knownRegions = (
				en,
				Base,
			);
			mainGroup = 0F836CD01D4F9C72007AC1C2;
			productRefGroup = 0F836CDA1D4F9C72007AC1C2 /* Products */;
			projectDirPath = "";
			projectRoot = "";
			targets = (
				0F836CD81D4F9C72007AC1C2 /* Festes */,
				0F836CEC1D4F9C72007AC1C2 /* FestesTests */,
				0F836CF71D4F9C72007AC1C2 /* FestesUITests */,
			);
		};
/* End PBXProject section */

/* Begin PBXResourcesBuildPhase section */
		0F836CD71D4F9C72007AC1C2 /* Resources */ = {
			isa = PBXResourcesBuildPhase;
			buildActionMask = 2147483647;
			files = (
				0F1BD9321D4FD0C1009C6D5C /* SignInViewController.xib in Resources */,
				0F836CE71D4F9C72007AC1C2 /* LaunchScreen.storyboard in Resources */,
				0F836CE41D4F9C72007AC1C2 /* Assets.xcassets in Resources */,
				0F836CE21D4F9C72007AC1C2 /* Main.storyboard in Resources */,
				0F836D1B1D4FCB9B007AC1C2 /* MapViewController.xib in Resources */,
				0F1BD9341D4FFE0A009C6D5C /* GoogleService-Info.plist in Resources */,
			);
			runOnlyForDeploymentPostprocessing = 0;
		};
		0F836CEB1D4F9C72007AC1C2 /* Resources */ = {
			isa = PBXResourcesBuildPhase;
			buildActionMask = 2147483647;
			files = (
			);
			runOnlyForDeploymentPostprocessing = 0;
		};
		0F836CF61D4F9C72007AC1C2 /* Resources */ = {
			isa = PBXResourcesBuildPhase;
			buildActionMask = 2147483647;
			files = (
			);
			runOnlyForDeploymentPostprocessing = 0;
		};
/* End PBXResourcesBuildPhase section */

/* Begin PBXShellScriptBuildPhase section */
		01F30CC05DDE2F92DCDD08A2 /* [CP] Copy Pods Resources */ = {
			isa = PBXShellScriptBuildPhase;
			buildActionMask = 2147483647;
			files = (
			);
			inputPaths = (
			);
			name = "[CP] Copy Pods Resources";
			outputPaths = (
			);
			runOnlyForDeploymentPostprocessing = 0;
			shellPath = /bin/sh;
			shellScript = "\"${SRCROOT}/Pods/Target Support Files/Pods-Festes/Pods-Festes-resources.sh\"\n";
			showEnvVarsInLog = 0;
		};
		13160C2B81BDE779375B239E /* [CP] Embed Pods Frameworks */ = {
			isa = PBXShellScriptBuildPhase;
			buildActionMask = 2147483647;
			files = (
			);
			inputPaths = (
			);
			name = "[CP] Embed Pods Frameworks";
			outputPaths = (
			);
			runOnlyForDeploymentPostprocessing = 0;
			shellPath = /bin/sh;
			shellScript = "\"${SRCROOT}/Pods/Target Support Files/Pods-Festes/Pods-Festes-frameworks.sh\"\n";
			showEnvVarsInLog = 0;
		};
		4CEEC885B74FDD49528ED793 /* [CP] Check Pods Manifest.lock */ = {
			isa = PBXShellScriptBuildPhase;
			buildActionMask = 2147483647;
			files = (
			);
			inputPaths = (
			);
			name = "[CP] Check Pods Manifest.lock";
			outputPaths = (
			);
			runOnlyForDeploymentPostprocessing = 0;
			shellPath = /bin/sh;
			shellScript = "diff \"${PODS_ROOT}/../Podfile.lock\" \"${PODS_ROOT}/Manifest.lock\" > /dev/null\nif [[ $? != 0 ]] ; then\n    cat << EOM\nerror: The sandbox is not in sync with the Podfile.lock. Run 'pod install' or update your CocoaPods installation.\nEOM\n    exit 1\nfi\n";
			showEnvVarsInLog = 0;
		};
		86498A4DDBC20FE3F1610EB6 /* [CP] Copy Pods Resources */ = {
			isa = PBXShellScriptBuildPhase;
			buildActionMask = 2147483647;
			files = (
			);
			inputPaths = (
			);
			name = "[CP] Copy Pods Resources";
			outputPaths = (
			);
			runOnlyForDeploymentPostprocessing = 0;
			shellPath = /bin/sh;
			shellScript = "\"${SRCROOT}/Pods/Target Support Files/Pods-FestesTests/Pods-FestesTests-resources.sh\"\n";
			showEnvVarsInLog = 0;
		};
		A53E7D06C2FE6C4803C1FBCC /* [CP] Check Pods Manifest.lock */ = {
			isa = PBXShellScriptBuildPhase;
			buildActionMask = 2147483647;
			files = (
			);
			inputPaths = (
			);
			name = "[CP] Check Pods Manifest.lock";
			outputPaths = (
			);
			runOnlyForDeploymentPostprocessing = 0;
			shellPath = /bin/sh;
			shellScript = "diff \"${PODS_ROOT}/../Podfile.lock\" \"${PODS_ROOT}/Manifest.lock\" > /dev/null\nif [[ $? != 0 ]] ; then\n    cat << EOM\nerror: The sandbox is not in sync with the Podfile.lock. Run 'pod install' or update your CocoaPods installation.\nEOM\n    exit 1\nfi\n";
			showEnvVarsInLog = 0;
		};
		A5D7364B508A7D6FE452471C /* [CP] Embed Pods Frameworks */ = {
			isa = PBXShellScriptBuildPhase;
			buildActionMask = 2147483647;
			files = (
			);
			inputPaths = (
			);
			name = "[CP] Embed Pods Frameworks";
			outputPaths = (
			);
			runOnlyForDeploymentPostprocessing = 0;
			shellPath = /bin/sh;
			shellScript = "\"${SRCROOT}/Pods/Target Support Files/Pods-FestesTests/Pods-FestesTests-frameworks.sh\"\n";
			showEnvVarsInLog = 0;
		};
		B6B939BE6AACB881659F9BAA /* [CP] Check Pods Manifest.lock */ = {
			isa = PBXShellScriptBuildPhase;
			buildActionMask = 2147483647;
			files = (
			);
			inputPaths = (
			);
			name = "[CP] Check Pods Manifest.lock";
			outputPaths = (
			);
			runOnlyForDeploymentPostprocessing = 0;
			shellPath = /bin/sh;
			shellScript = "diff \"${PODS_ROOT}/../Podfile.lock\" \"${PODS_ROOT}/Manifest.lock\" > /dev/null\nif [[ $? != 0 ]] ; then\n    cat << EOM\nerror: The sandbox is not in sync with the Podfile.lock. Run 'pod install' or update your CocoaPods installation.\nEOM\n    exit 1\nfi\n";
			showEnvVarsInLog = 0;
		};
		E3F12BD8ADD1372383B18F73 /* [CP] Copy Pods Resources */ = {
			isa = PBXShellScriptBuildPhase;
			buildActionMask = 2147483647;
			files = (
			);
			inputPaths = (
			);
			name = "[CP] Copy Pods Resources";
			outputPaths = (
			);
			runOnlyForDeploymentPostprocessing = 0;
			shellPath = /bin/sh;
			shellScript = "\"${SRCROOT}/Pods/Target Support Files/Pods-FestesUITests/Pods-FestesUITests-resources.sh\"\n";
			showEnvVarsInLog = 0;
		};
/* End PBXShellScriptBuildPhase section */

/* Begin PBXSourcesBuildPhase section */
		0F836CD51D4F9C72007AC1C2 /* Sources */ = {
			isa = PBXSourcesBuildPhase;
			buildActionMask = 2147483647;
			files = (
				0F836D1F1D4FCC07007AC1C2 /* User.swift in Sources */,
				0F836CDD1D4F9C72007AC1C2 /* AppDelegate.swift in Sources */,
				0F1BD9311D4FD0C1009C6D5C /* SignInViewController.swift in Sources */,
				0F836D1A1D4FCB9B007AC1C2 /* MapViewController.swift in Sources */,
				0F836D1D1D4FCBE8007AC1C2 /* UserRepository.swift in Sources */,
				0F1BD9361D514851009C6D5C /* GetCurrentLocation.swift in Sources */,
				0F836D211D4FCD91007AC1C2 /* UserNetworkProvider.swift in Sources */,
			);
			runOnlyForDeploymentPostprocessing = 0;
		};
		0F836CE91D4F9C72007AC1C2 /* Sources */ = {
			isa = PBXSourcesBuildPhase;
			buildActionMask = 2147483647;
			files = (
				0F836CF21D4F9C72007AC1C2 /* FestesTests.swift in Sources */,
			);
			runOnlyForDeploymentPostprocessing = 0;
		};
		0F836CF41D4F9C72007AC1C2 /* Sources */ = {
			isa = PBXSourcesBuildPhase;
			buildActionMask = 2147483647;
			files = (
				0F836CFD1D4F9C72007AC1C2 /* FestesUITests.swift in Sources */,
			);
			runOnlyForDeploymentPostprocessing = 0;
		};
/* End PBXSourcesBuildPhase section */

/* Begin PBXTargetDependency section */
		0F836CEF1D4F9C72007AC1C2 /* PBXTargetDependency */ = {
			isa = PBXTargetDependency;
			target = 0F836CD81D4F9C72007AC1C2 /* Festes */;
			targetProxy = 0F836CEE1D4F9C72007AC1C2 /* PBXContainerItemProxy */;
		};
		0F836CFA1D4F9C72007AC1C2 /* PBXTargetDependency */ = {
			isa = PBXTargetDependency;
			target = 0F836CD81D4F9C72007AC1C2 /* Festes */;
			targetProxy = 0F836CF91D4F9C72007AC1C2 /* PBXContainerItemProxy */;
		};
/* End PBXTargetDependency section */

/* Begin PBXVariantGroup section */
		0F836CE01D4F9C72007AC1C2 /* Main.storyboard */ = {
			isa = PBXVariantGroup;
			children = (
				0F836CE11D4F9C72007AC1C2 /* Base */,
			);
			name = Main.storyboard;
			sourceTree = "<group>";
		};
		0F836CE51D4F9C72007AC1C2 /* LaunchScreen.storyboard */ = {
			isa = PBXVariantGroup;
			children = (
				0F836CE61D4F9C72007AC1C2 /* Base */,
			);
			name = LaunchScreen.storyboard;
			sourceTree = "<group>";
		};
/* End PBXVariantGroup section */

/* Begin XCBuildConfiguration section */
		0F836CFF1D4F9C72007AC1C2 /* Debug */ = {
			isa = XCBuildConfiguration;
			buildSettings = {
				ALWAYS_SEARCH_USER_PATHS = NO;
				CLANG_ANALYZER_NONNULL = YES;
				CLANG_CXX_LANGUAGE_STANDARD = "gnu++0x";
				CLANG_CXX_LIBRARY = "libc++";
				CLANG_ENABLE_MODULES = YES;
				CLANG_ENABLE_OBJC_ARC = YES;
				CLANG_WARN_BOOL_CONVERSION = YES;
				CLANG_WARN_CONSTANT_CONVERSION = YES;
				CLANG_WARN_DIRECT_OBJC_ISA_USAGE = YES_ERROR;
				CLANG_WARN_EMPTY_BODY = YES;
				CLANG_WARN_ENUM_CONVERSION = YES;
				CLANG_WARN_INT_CONVERSION = YES;
				CLANG_WARN_OBJC_ROOT_CLASS = YES_ERROR;
				CLANG_WARN_UNREACHABLE_CODE = YES;
				CLANG_WARN__DUPLICATE_METHOD_MATCH = YES;
				"CODE_SIGN_IDENTITY[sdk=iphoneos*]" = "iPhone Developer";
				COPY_PHASE_STRIP = NO;
				DEBUG_INFORMATION_FORMAT = dwarf;
				ENABLE_STRICT_OBJC_MSGSEND = YES;
				ENABLE_TESTABILITY = YES;
				GCC_C_LANGUAGE_STANDARD = gnu99;
				GCC_DYNAMIC_NO_PIC = NO;
				GCC_NO_COMMON_BLOCKS = YES;
				GCC_OPTIMIZATION_LEVEL = 0;
				GCC_PREPROCESSOR_DEFINITIONS = (
					"DEBUG=1",
					"$(inherited)",
				);
				GCC_WARN_64_TO_32_BIT_CONVERSION = YES;
				GCC_WARN_ABOUT_RETURN_TYPE = YES_ERROR;
				GCC_WARN_UNDECLARED_SELECTOR = YES;
				GCC_WARN_UNINITIALIZED_AUTOS = YES_AGGRESSIVE;
				GCC_WARN_UNUSED_FUNCTION = YES;
				GCC_WARN_UNUSED_VARIABLE = YES;
				IPHONEOS_DEPLOYMENT_TARGET = 9.3;
				MTL_ENABLE_DEBUG_INFO = YES;
				ONLY_ACTIVE_ARCH = YES;
				SDKROOT = iphoneos;
				SWIFT_OPTIMIZATION_LEVEL = "-Onone";
			};
			name = Debug;
		};
		0F836D001D4F9C72007AC1C2 /* Release */ = {
			isa = XCBuildConfiguration;
			buildSettings = {
				ALWAYS_SEARCH_USER_PATHS = NO;
				CLANG_ANALYZER_NONNULL = YES;
				CLANG_CXX_LANGUAGE_STANDARD = "gnu++0x";
				CLANG_CXX_LIBRARY = "libc++";
				CLANG_ENABLE_MODULES = YES;
				CLANG_ENABLE_OBJC_ARC = YES;
				CLANG_WARN_BOOL_CONVERSION = YES;
				CLANG_WARN_CONSTANT_CONVERSION = YES;
				CLANG_WARN_DIRECT_OBJC_ISA_USAGE = YES_ERROR;
				CLANG_WARN_EMPTY_BODY = YES;
				CLANG_WARN_ENUM_CONVERSION = YES;
				CLANG_WARN_INT_CONVERSION = YES;
				CLANG_WARN_OBJC_ROOT_CLASS = YES_ERROR;
				CLANG_WARN_UNREACHABLE_CODE = YES;
				CLANG_WARN__DUPLICATE_METHOD_MATCH = YES;
				"CODE_SIGN_IDENTITY[sdk=iphoneos*]" = "iPhone Developer";
				COPY_PHASE_STRIP = NO;
				DEBUG_INFORMATION_FORMAT = "dwarf-with-dsym";
				ENABLE_NS_ASSERTIONS = NO;
				ENABLE_STRICT_OBJC_MSGSEND = YES;
				GCC_C_LANGUAGE_STANDARD = gnu99;
				GCC_NO_COMMON_BLOCKS = YES;
				GCC_WARN_64_TO_32_BIT_CONVERSION = YES;
				GCC_WARN_ABOUT_RETURN_TYPE = YES_ERROR;
				GCC_WARN_UNDECLARED_SELECTOR = YES;
				GCC_WARN_UNINITIALIZED_AUTOS = YES_AGGRESSIVE;
				GCC_WARN_UNUSED_FUNCTION = YES;
				GCC_WARN_UNUSED_VARIABLE = YES;
				IPHONEOS_DEPLOYMENT_TARGET = 9.3;
				MTL_ENABLE_DEBUG_INFO = NO;
				SDKROOT = iphoneos;
				VALIDATE_PRODUCT = YES;
			};
			name = Release;
		};
		0F836D021D4F9C72007AC1C2 /* Debug */ = {
			isa = XCBuildConfiguration;
			baseConfigurationReference = 33200977451092E310A5F0C7 /* Pods-Festes.debug.xcconfig */;
			buildSettings = {
				ASSETCATALOG_COMPILER_APPICON_NAME = AppIcon;
				CODE_SIGN_IDENTITY = "iPhone Developer";
				"CODE_SIGN_IDENTITY[sdk=iphoneos*]" = "iPhone Developer";
				INFOPLIST_FILE = Festes/Info.plist;
				LD_RUNPATH_SEARCH_PATHS = "$(inherited) @executable_path/Frameworks";
				PRODUCT_BUNDLE_IDENTIFIER = com.festes.paterna.Festes;
				PRODUCT_NAME = "$(TARGET_NAME)";
				PROVISIONING_PROFILE = "";
			};
			name = Debug;
		};
		0F836D031D4F9C72007AC1C2 /* Release */ = {
			isa = XCBuildConfiguration;
			baseConfigurationReference = DE985ABF6A52F3049499370D /* Pods-Festes.release.xcconfig */;
			buildSettings = {
				ASSETCATALOG_COMPILER_APPICON_NAME = AppIcon;
				CODE_SIGN_IDENTITY = "iPhone Developer";
				"CODE_SIGN_IDENTITY[sdk=iphoneos*]" = "iPhone Developer";
				INFOPLIST_FILE = Festes/Info.plist;
				LD_RUNPATH_SEARCH_PATHS = "$(inherited) @executable_path/Frameworks";
				PRODUCT_BUNDLE_IDENTIFIER = com.festes.paterna.Festes;
				PRODUCT_NAME = "$(TARGET_NAME)";
				PROVISIONING_PROFILE = "";
			};
			name = Release;
		};
		0F836D051D4F9C72007AC1C2 /* Debug */ = {
			isa = XCBuildConfiguration;
			baseConfigurationReference = EEA75B381C53344F6361EEB9 /* Pods-FestesTests.debug.xcconfig */;
			buildSettings = {
				BUNDLE_LOADER = "$(TEST_HOST)";
				INFOPLIST_FILE = FestesTests/Info.plist;
				LD_RUNPATH_SEARCH_PATHS = "$(inherited) @executable_path/Frameworks @loader_path/Frameworks";
				PRODUCT_BUNDLE_IDENTIFIER = com.festes.paterna.FestesTests;
				PRODUCT_NAME = "$(TARGET_NAME)";
				TEST_HOST = "$(BUILT_PRODUCTS_DIR)/Festes.app/Festes";
			};
			name = Debug;
		};
		0F836D061D4F9C72007AC1C2 /* Release */ = {
			isa = XCBuildConfiguration;
			baseConfigurationReference = 0AF64E86DAE9A30D321E876F /* Pods-FestesTests.release.xcconfig */;
			buildSettings = {
				BUNDLE_LOADER = "$(TEST_HOST)";
				INFOPLIST_FILE = FestesTests/Info.plist;
				LD_RUNPATH_SEARCH_PATHS = "$(inherited) @executable_path/Frameworks @loader_path/Frameworks";
				PRODUCT_BUNDLE_IDENTIFIER = com.festes.paterna.FestesTests;
				PRODUCT_NAME = "$(TARGET_NAME)";
				TEST_HOST = "$(BUILT_PRODUCTS_DIR)/Festes.app/Festes";
			};
			name = Release;
		};
		0F836D081D4F9C72007AC1C2 /* Debug */ = {
			isa = XCBuildConfiguration;
			baseConfigurationReference = 192E4D2295068F9A3296CC4F /* Pods-FestesUITests.debug.xcconfig */;
			buildSettings = {
				INFOPLIST_FILE = FestesUITests/Info.plist;
				LD_RUNPATH_SEARCH_PATHS = "$(inherited) @executable_path/Frameworks @loader_path/Frameworks";
				PRODUCT_BUNDLE_IDENTIFIER = com.festes.paterna.FestesUITests;
				PRODUCT_NAME = "$(TARGET_NAME)";
				TEST_TARGET_NAME = Festes;
			};
			name = Debug;
		};
		0F836D091D4F9C72007AC1C2 /* Release */ = {
			isa = XCBuildConfiguration;
			baseConfigurationReference = 7868D4F8E8B2F430168C678D /* Pods-FestesUITests.release.xcconfig */;
			buildSettings = {
				INFOPLIST_FILE = FestesUITests/Info.plist;
				LD_RUNPATH_SEARCH_PATHS = "$(inherited) @executable_path/Frameworks @loader_path/Frameworks";
				PRODUCT_BUNDLE_IDENTIFIER = com.festes.paterna.FestesUITests;
				PRODUCT_NAME = "$(TARGET_NAME)";
				TEST_TARGET_NAME = Festes;
			};
			name = Release;
		};
/* End XCBuildConfiguration section */

/* Begin XCConfigurationList section */
		0F836CD41D4F9C72007AC1C2 /* Build configuration list for PBXProject "Festes" */ = {
			isa = XCConfigurationList;
			buildConfigurations = (
				0F836CFF1D4F9C72007AC1C2 /* Debug */,
				0F836D001D4F9C72007AC1C2 /* Release */,
			);
			defaultConfigurationIsVisible = 0;
			defaultConfigurationName = Release;
		};
		0F836D011D4F9C72007AC1C2 /* Build configuration list for PBXNativeTarget "Festes" */ = {
			isa = XCConfigurationList;
			buildConfigurations = (
				0F836D021D4F9C72007AC1C2 /* Debug */,
				0F836D031D4F9C72007AC1C2 /* Release */,
			);
			defaultConfigurationIsVisible = 0;
			defaultConfigurationName = Release;
		};
		0F836D041D4F9C72007AC1C2 /* Build configuration list for PBXNativeTarget "FestesTests" */ = {
			isa = XCConfigurationList;
			buildConfigurations = (
				0F836D051D4F9C72007AC1C2 /* Debug */,
				0F836D061D4F9C72007AC1C2 /* Release */,
			);
			defaultConfigurationIsVisible = 0;
			defaultConfigurationName = Release;
		};
		0F836D071D4F9C72007AC1C2 /* Build configuration list for PBXNativeTarget "FestesUITests" */ = {
			isa = XCConfigurationList;
			buildConfigurations = (
				0F836D081D4F9C72007AC1C2 /* Debug */,
				0F836D091D4F9C72007AC1C2 /* Release */,
			);
			defaultConfigurationIsVisible = 0;
			defaultConfigurationName = Release;
		};
/* End XCConfigurationList section */
	};
	rootObject = 0F836CD11D4F9C72007AC1C2 /* Project object */;
}
